
Microsoft Visual Studio Solution File, Format Version 12.00
# Visual Studio 15
VisualStudioVersion = 15.0.28307.1062
MinimumVisualStudioVersion = 10.0.40219.1
Project("{FAE04EC0-301F-11D3-BF4B-00C04F79EFBC}") = "API_Test", "API_Test\API_Test.csproj", "{0F876140-8687-4DE8-BD1C-3AD64592C582}"
EndProject
Project("{FAE04EC0-301F-11D3-BF4B-00C04F79EFBC}") = "API_Test_Console", "API_Test_Console\API_Test_Console.csproj", "{434AA2BD-C564-49F6-A484-BB25D4D5A96B}"
EndProject
Global
	GlobalSection(SolutionConfigurationPlatforms) = preSolution
		Debug|Any CPU = Debug|Any CPU
		Release|Any CPU = Release|Any CPU
	EndGlobalSection
	GlobalSection(ProjectConfigurationPlatforms) = postSolution
		{0F876140-8687-4DE8-BD1C-3AD64592C582}.Debug|Any CPU.ActiveCfg = Debug|Any CPU
		{0F876140-8687-4DE8-BD1C-3AD64592C582}.Debug|Any CPU.Build.0 = Debug|Any CPU
		{0F876140-8687-4DE8-BD1C-3AD64592C582}.Release|Any CPU.ActiveCfg = Release|Any CPU
		{0F876140-8687-4DE8-BD1C-3AD64592C582}.Release|Any CPU.Build.0 = Release|Any CPU
		{434AA2BD-C564-49F6-A484-BB25D4D5A96B}.Debug|Any CPU.ActiveCfg = Debug|Any CPU
		{434AA2BD-C564-49F6-A484-BB25D4D5A96B}.Debug|Any CPU.Build.0 = Debug|Any CPU
		{434AA2BD-C564-49F6-A484-BB25D4D5A96B}.Release|Any CPU.ActiveCfg = Release|Any CPU
		{434AA2BD-C564-49F6-A484-BB25D4D5A96B}.Release|Any CPU.Build.0 = Release|Any CPU
	EndGlobalSection
	GlobalSection(SolutionProperties) = preSolution
		HideSolutionNode = FALSE
	EndGlobalSection
	GlobalSection(ExtensibilityGlobals) = postSolution
		SolutionGuid = {C89026F5-0E2B-4594-BEB9-10C42647FB0E}
	EndGlobalSection
EndGlobal
